
Microsoft Visual Studio Solution File, Format Version 12.00
# Visual Studio Version 17
VisualStudioVersion = 17.8.34330.188
MinimumVisualStudioVersion = 10.0.40219.1
Project("{FAE04EC0-301F-11D3-BF4B-00C04F79EFBC}") = "DataAccess", "DataAccess\DataAccess.csproj", "{08612D0C-48EA-4E37-B1D9-98BD0FDBB8B8}"
EndProject
Project("{FAE04EC0-301F-11D3-BF4B-00C04F79EFBC}") = "BussinessObjects", "BussinessObjects\BussinessObjects.csproj", "{427EDBA1-D41C-4BD8-BB40-0B4FCE66840C}"
EndProject
Project("{FAE04EC0-301F-11D3-BF4B-00C04F79EFBC}") = "StoryAPI", "StoryAPI\StoryAPI.csproj", "{D621E355-CF85-4AE0-8DCE-25C721136C3B}"
EndProject
Global
	GlobalSection(SolutionConfigurationPlatforms) = preSolution
		Debug|Any CPU = Debug|Any CPU
		Release|Any CPU = Release|Any CPU
	EndGlobalSection
	GlobalSection(ProjectConfigurationPlatforms) = postSolution
		{08612D0C-48EA-4E37-B1D9-98BD0FDBB8B8}.Debug|Any CPU.ActiveCfg = Debug|Any CPU
		{08612D0C-48EA-4E37-B1D9-98BD0FDBB8B8}.Debug|Any CPU.Build.0 = Debug|Any CPU
		{08612D0C-48EA-4E37-B1D9-98BD0FDBB8B8}.Release|Any CPU.ActiveCfg = Release|Any CPU
		{08612D0C-48EA-4E37-B1D9-98BD0FDBB8B8}.Release|Any CPU.Build.0 = Release|Any CPU
		{427EDBA1-D41C-4BD8-BB40-0B4FCE66840C}.Debug|Any CPU.ActiveCfg = Debug|Any CPU
		{427EDBA1-D41C-4BD8-BB40-0B4FCE66840C}.Debug|Any CPU.Build.0 = Debug|Any CPU
		{427EDBA1-D41C-4BD8-BB40-0B4FCE66840C}.Release|Any CPU.ActiveCfg = Release|Any CPU
		{427EDBA1-D41C-4BD8-BB40-0B4FCE66840C}.Release|Any CPU.Build.0 = Release|Any CPU
		{D621E355-CF85-4AE0-8DCE-25C721136C3B}.Debug|Any CPU.ActiveCfg = Debug|Any CPU
		{D621E355-CF85-4AE0-8DCE-25C721136C3B}.Debug|Any CPU.Build.0 = Debug|Any CPU
		{D621E355-CF85-4AE0-8DCE-25C721136C3B}.Release|Any CPU.ActiveCfg = Release|Any CPU
		{D621E355-CF85-4AE0-8DCE-25C721136C3B}.Release|Any CPU.Build.0 = Release|Any CPU
	EndGlobalSection
	GlobalSection(SolutionProperties) = preSolution
		HideSolutionNode = FALSE
	EndGlobalSection
	GlobalSection(ExtensibilityGlobals) = postSolution
		SolutionGuid = {8F312222-E9FF-4733-BF72-114C37E9C9F0}
	EndGlobalSection
EndGlobal
